
Microsoft Visual Studio Solution File, Format Version 12.00
# Visual Studio Version 17
VisualStudioVersion = 17.10.35122.118
MinimumVisualStudioVersion = 10.0.40219.1
Project("{9A19103F-16F7-4668-BE54-9A1E7A4F7556}") = "BankApp", "BankApp\BankApp.csproj", "{59C42BDF-22F0-458E-B4EA-567EDB774B86}"
EndProject
Project("{9A19103F-16F7-4668-BE54-9A1E7A4F7556}") = "BankApp.Tests", "BankApp.Tests\BankApp.Tests.csproj", "{1E11839F-13FA-4296-B129-EEAB711D36B9}"
EndProject
Project("{2150E333-8FDC-42A3-9474-1A3956D46DE8}") = "Solution Items", "Solution Items", "{8569BF31-F8FD-47A2-84EB-3728B05F8CAB}"
	ProjectSection(SolutionItems) = preProject
		ReadMe.txt = ReadMe.txt
	EndProjectSection
EndProject
Global
	GlobalSection(SolutionConfigurationPlatforms) = preSolution
		Debug|Any CPU = Debug|Any CPU
		Release|Any CPU = Release|Any CPU
	EndGlobalSection
	GlobalSection(ProjectConfigurationPlatforms) = postSolution
		{59C42BDF-22F0-458E-B4EA-567EDB774B86}.Debug|Any CPU.ActiveCfg = Debug|Any CPU
		{59C42BDF-22F0-458E-B4EA-567EDB774B86}.Debug|Any CPU.Build.0 = Debug|Any CPU
		{59C42BDF-22F0-458E-B4EA-567EDB774B86}.Release|Any CPU.ActiveCfg = Release|Any CPU
		{59C42BDF-22F0-458E-B4EA-567EDB774B86}.Release|Any CPU.Build.0 = Release|Any CPU
		{1E11839F-13FA-4296-B129-EEAB711D36B9}.Debug|Any CPU.ActiveCfg = Debug|Any CPU
		{1E11839F-13FA-4296-B129-EEAB711D36B9}.Debug|Any CPU.Build.0 = Debug|Any CPU
		{1E11839F-13FA-4296-B129-EEAB711D36B9}.Release|Any CPU.ActiveCfg = Release|Any CPU
		{1E11839F-13FA-4296-B129-EEAB711D36B9}.Release|Any CPU.Build.0 = Release|Any CPU
	EndGlobalSection
	GlobalSection(SolutionProperties) = preSolution
		HideSolutionNode = FALSE
	EndGlobalSection
	GlobalSection(ExtensibilityGlobals) = postSolution
		SolutionGuid = {B4C962C8-63ED-4DB4-9D89-12AA109EFFEF}
	EndGlobalSection
EndGlobal
